
Microsoft Visual Studio Solution File, Format Version 12.00
# Visual Studio 2012
Project("{8BC9CEB8-8B4A-11D0-8D11-00A0C91BC942}") = "spell_checker", "spell_checker\spell_checker.vcxproj", "{A249F302-BE4C-4906-BCA0-A02C9DDF4274}"
EndProject
Global
	GlobalSection(SolutionConfigurationPlatforms) = preSolution
		Debug|Win32 = Debug|Win32
		Release|Win32 = Release|Win32
	EndGlobalSection
	GlobalSection(ProjectConfigurationPlatforms) = postSolution
		{A249F302-BE4C-4906-BCA0-A02C9DDF4274}.Debug|Win32.ActiveCfg = Debug|Win32
		{A249F302-BE4C-4906-BCA0-A02C9DDF4274}.Debug|Win32.Build.0 = Debug|Win32
		{A249F302-BE4C-4906-BCA0-A02C9DDF4274}.Release|Win32.ActiveCfg = Release|Win32
		{A249F302-BE4C-4906-BCA0-A02C9DDF4274}.Release|Win32.Build.0 = Release|Win32
	EndGlobalSection
	GlobalSection(SolutionProperties) = preSolution
		HideSolutionNode = FALSE
	EndGlobalSection
EndGlobal
